{
  "name": "Kaiku",
  "version": "1.0.0",
  "lockfileVersion": 1,
  "requires": true,
  "dependencies": {
    "debug": {
      "version": "2.6.9",
      "resolved": "https://registry.npmjs.org/debug/-/debug-2.6.9.tgz",
      "integrity": "sha512-bC7ElrdJaJnPbAP+1EotYvqZsb3ecl5wi6Bfi6BJTUcNowp6cvspg0jXznRTKDjm/E7AdgFBVeAPVMNcKGsHMA==",
      "requires": {
        "ms": "2.0.0"
      }
    },
    "electron-debug": {
      "version": "1.5.0",
      "resolved": "https://registry.npmjs.org/electron-debug/-/electron-debug-1.5.0.tgz",
      "integrity": "sha512-23CLHQXW+gMgdlJbeW1EinPX7DpwuLtfdzSuFL0OnsqEhKGJVJufAZTyq2hc3sr+R53rr3P+mJiYoR5VzAHKJQ==",
      "requires": {
        "electron-is-dev": "0.3.0",
        "electron-localshortcut": "3.1.0"
      }
    },
    "electron-is-accelerator": {
      "version": "0.1.2",
      "resolved": "https://registry.npmjs.org/electron-is-accelerator/-/electron-is-accelerator-0.1.2.tgz",
      "integrity": "sha1-UJ5RDCala1Xhf4Y6SwThEYRqsns="
    },
    "electron-is-dev": {
      "version": "0.3.0",
      "resolved": "https://registry.npmjs.org/electron-is-dev/-/electron-is-dev-0.3.0.tgz",
      "integrity": "sha1-FOb9pcaOnk7L7/nM8DfL18BcWv4="
    },
    "electron-localshortcut": {
      "version": "3.1.0",
      "resolved": "https://registry.npmjs.org/electron-localshortcut/-/electron-localshortcut-3.1.0.tgz",
      "integrity": "sha512-MgL/j5jdjW7iA0R6cI7S045B0GlKXWM1FjjujVPjlrmyXRa6yH0bGSaIAfxXAF9tpJm3pLEiQzerYHkRh9JG/A==",
      "requires": {
        "debug": "2.6.9",
        "electron-is-accelerator": "0.1.2",
        "keyboardevent-from-electron-accelerator": "1.1.0",
        "keyboardevents-areequal": "0.2.2"
      }
    },
    "es6-promise": {
      "version": "4.2.4",
      "resolved": "https://registry.npmjs.org/es6-promise/-/es6-promise-4.2.4.tgz",
      "integrity": "sha512-/NdNZVJg+uZgtm9eS3O6lrOLYmQag2DjdEXuPaHlZ6RuVqgqaVZfgYCepEIKsLqwdQArOPtC3XzRLqGGfT8KQQ=="
    },
    "fastq": {
      "version": "1.5.0",
      "resolved": "https://registry.npmjs.org/fastq/-/fastq-1.5.0.tgz",
      "integrity": "sha1-BeMv+5mewtlF3aJ0Yb8IlBQ2RIs=",
      "requires": {
        "reusify": "1.0.1"
      }
    },
    "filewalker": {
      "version": "0.1.3",
      "resolved": "https://registry.npmjs.org/filewalker/-/filewalker-0.1.3.tgz",
      "integrity": "sha1-1jv52BO6NTRLgYJ0eCT2/3VL9MU=",
      "requires": {
        "fqueue": "0.0.0"
      }
    },
    "fqueue": {
      "version": "0.0.0",
      "resolved": "https://registry.npmjs.org/fqueue/-/fqueue-0.0.0.tgz",
      "integrity": "sha1-UzIFpPmtIbuqOPxhzvOpMML1SDY="
    },
    "fs-extra": {
      "version": "5.0.0",
      "resolved": "https://registry.npmjs.org/fs-extra/-/fs-extra-5.0.0.tgz",
      "integrity": "sha512-66Pm4RYbjzdyeuqudYqhFiNBbCIuI9kgRqLPSHIlXHidW8NIQtVdkM1yeZ4lXwuhbTETv3EUGMNHAAw6hiundQ==",
      "requires": {
        "graceful-fs": "4.1.11",
        "jsonfile": "4.0.0",
        "universalify": "0.1.1"
      }
    },
    "graceful-fs": {
      "version": "4.1.11",
      "resolved": "https://registry.npmjs.org/graceful-fs/-/graceful-fs-4.1.11.tgz",
      "integrity": "sha1-Dovf5NHduIVNZOBOp8AOKgJuVlg="
    },
    "jsonfile": {
      "version": "4.0.0",
      "resolved": "https://registry.npmjs.org/jsonfile/-/jsonfile-4.0.0.tgz",
      "integrity": "sha1-h3Gq4HmbZAdrdmQPygWPnBDjPss=",
      "requires": {
        "graceful-fs": "4.1.11"
      }
    },
    "keyboardevent-from-electron-accelerator": {
      "version": "1.1.0",
      "resolved": "https://registry.npmjs.org/keyboardevent-from-electron-accelerator/-/keyboardevent-from-electron-accelerator-1.1.0.tgz",
      "integrity": "sha512-VDC4vKWGrR3VgIKCE4CsXnvObGgP8C2idnTKEMUkuEuvDGE1GEBX9FtNdJzrD00iQlhI3xFxRaeItsUmlERVng=="
    },
    "keyboardevents-areequal": {
      "version": "0.2.2",
      "resolved": "https://registry.npmjs.org/keyboardevents-areequal/-/keyboardevents-areequal-0.2.2.tgz",
      "integrity": "sha512-Nv+Kr33T0mEjxR500q+I6IWisOQ0lK1GGOncV0kWE6n4KFmpcu7RUX5/2B0EUtX51Cb0HjZ9VJsSY3u4cBa0kw=="
    },
    "lodash": {
      "version": "4.17.5",
      "resolved": "https://registry.npmjs.org/lodash/-/lodash-4.17.5.tgz",
      "integrity": "sha512-svL3uiZf1RwhH+cWrfZn3A4+U58wbP0tGVTLQPbjplZxZ8ROD9VLuNgsRniTlLe7OlSqR79RUehXgpBW/s0IQw=="
    },
    "ms": {
      "version": "2.0.0",
      "resolved": "https://registry.npmjs.org/ms/-/ms-2.0.0.tgz",
      "integrity": "sha1-VgiurfwAvmwpAd9fmGF4jeDVl8g="
    },
    "music-metadata": {
      "version": "0.10.1",
      "resolved": "https://registry.npmjs.org/music-metadata/-/music-metadata-0.10.1.tgz",
      "integrity": "sha512-7vblKjcyPXICCSMvJVsNJVZq14puFBQj14z9GRoPwTu0chrr77Bye4ItsZ+3BTTRNS/ZATt6A7cmx0pbZgAJVA==",
      "requires": {
        "debug": "3.1.0",
        "es6-promise": "4.2.4",
        "fs-extra": "5.0.0",
        "strtok3": "1.3.4",
        "then-read-stream": "1.0.5",
        "token-types": "0.9.2"
      },
      "dependencies": {
        "debug": {
          "version": "3.1.0",
          "resolved": "https://registry.npmjs.org/debug/-/debug-3.1.0.tgz",
          "integrity": "sha512-OX8XqP7/1a9cqkxYw2yXss15f26NKWBpDXQd0/uK/KPqdQhxbPa994hnzjcE2VqQpDslf55723cKPUOGSmMY3g==",
          "requires": {
            "ms": "2.0.0"
          }
        }
      }
    },
    "reusify": {
      "version": "1.0.1",
      "resolved": "https://registry.npmjs.org/reusify/-/reusify-1.0.1.tgz",
      "integrity": "sha1-9TWENnrcglyHQxkXJj/HqhkRhpM="
    },
    "strtok3": {
      "version": "1.3.4",
      "resolved": "https://registry.npmjs.org/strtok3/-/strtok3-1.3.4.tgz",
      "integrity": "sha512-0uVSKs6QZRg2C670U5Xcjna7llMvp+Hpm6VYE8IdsIYKkBgQCJ6ptDXSPTGcvHSzDOW3vKWcRjOz9Zw9gBbEcg==",
      "requires": {
        "es6-promise": "4.2.4",
        "fs-extra": "5.0.0",
        "then-read-stream": "1.0.5",
        "token-types": "0.9.2"
      }
    },
    "then-read-stream": {
      "version": "1.0.5",
      "resolved": "https://registry.npmjs.org/then-read-stream/-/then-read-stream-1.0.5.tgz",
      "integrity": "sha512-JxEKULAMR2+f391jHgHwcR/y5Xd29EejWt/IQ1+R+qMH4e610lA6kLIizlCF2OhqMemoI+10lIWtWnm5yrgSGQ==",
      "requires": {
        "es6-promise": "4.2.4"
      }
    },
    "token-types": {
      "version": "0.9.2",
      "resolved": "https://registry.npmjs.org/token-types/-/token-types-0.9.2.tgz",
      "integrity": "sha512-vXVIwWpW0f5bIOiM3of20xIJ/0orylOmjXEu4Uqj6A4idRXojyoeSazBU9ZakjhLxNvL5aZ8q7I9PHm5tbxpiw=="
    },
    "universalify": {
      "version": "0.1.1",
      "resolved": "https://registry.npmjs.org/universalify/-/universalify-0.1.1.tgz",
      "integrity": "sha1-+nG63UQ3r0wUiEHjs7Fl+enlkLc="
    }
  }
}
